// !$*UTF8*$!
{
	archiveVersion = 1;
	classes = {
	};
	objectVersion = 50;
	objects = {

/* Begin PBXBuildFile section */
		870C87AF2242FCD00095E62F /* Game.swift in Sources */ = {isa = PBXBuildFile; fileRef = 870C87AE2242FCD00095E62F /* Game.swift */; };
		870C87B12242FF580095E62F /* League.swift in Sources */ = {isa = PBXBuildFile; fileRef = 870C87B02242FF580095E62F /* League.swift */; };
		870C87B32242FF980095E62F /* PitchByPitch.swift in Sources */ = {isa = PBXBuildFile; fileRef = 870C87B22242FF980095E62F /* PitchByPitch.swift */; };
		870C87B52242FFCE0095E62F /* Scoring.swift in Sources */ = {isa = PBXBuildFile; fileRef = 870C87B42242FFCE0095E62F /* Scoring.swift */; };
		870C87B72242FFF50095E62F /* Home.swift in Sources */ = {isa = PBXBuildFile; fileRef = 870C87B62242FFF50095E62F /* Home.swift */; };
		870C87B9224300D70095E62F /* Away.swift in Sources */ = {isa = PBXBuildFile; fileRef = 870C87B8224300D70095E62F /* Away.swift */; };
		870C87BB224300FE0095E62F /* Inning.swift in Sources */ = {isa = PBXBuildFile; fileRef = 870C87BA224300FE0095E62F /* Inning.swift */; };
		870C87BD224301240095E62F /* Half.swift in Sources */ = {isa = PBXBuildFile; fileRef = 870C87BC224301240095E62F /* Half.swift */; };
		870C87BF224301860095E62F /* Event.swift in Sources */ = {isa = PBXBuildFile; fileRef = 870C87BE224301860095E62F /* Event.swift */; };
		870C87C1224301A90095E62F /* Lineup.swift in Sources */ = {isa = PBXBuildFile; fileRef = 870C87C0224301A90095E62F /* Lineup.swift */; };
		870C87C3224301E30095E62F /* At_Bat.swift in Sources */ = {isa = PBXBuildFile; fileRef = 870C87C2224301E30095E62F /* At_Bat.swift */; };
		870C87C5224302080095E62F /* Hitter.swift in Sources */ = {isa = PBXBuildFile; fileRef = 870C87C4224302080095E62F /* Hitter.swift */; };
		870C87C7224302380095E62F /* Pitcher.swift in Sources */ = {isa = PBXBuildFile; fileRef = 870C87C6224302380095E62F /* Pitcher.swift */; };
		870C87C9224302A30095E62F /* At_Bat_Event.swift in Sources */ = {isa = PBXBuildFile; fileRef = 870C87C8224302A30095E62F /* At_Bat_Event.swift */; };
		870C87CB224302C70095E62F /* Flags.swift in Sources */ = {isa = PBXBuildFile; fileRef = 870C87CA224302C70095E62F /* Flags.swift */; };
		870C87CD224302F60095E62F /* Runner.swift in Sources */ = {isa = PBXBuildFile; fileRef = 870C87CC224302F60095E62F /* Runner.swift */; };
		870C87CF224303BF0095E62F /* Count.swift in Sources */ = {isa = PBXBuildFile; fileRef = 870C87CE224303BF0095E62F /* Count.swift */; };
		870C87D2224304B80095E62F /* SportRadarAPIServiceGames.swift in Sources */ = {isa = PBXBuildFile; fileRef = 870C87D1224304B80095E62F /* SportRadarAPIServiceGames.swift */; };
		870C87D4224305AC0095E62F /* SportRadarAPIServiceGame.swift in Sources */ = {isa = PBXBuildFile; fileRef = 870C87D3224305AC0095E62F /* SportRadarAPIServiceGame.swift */; };
		870C87D6224349ED0095E62F /* SportRadarAPITeam.swift in Sources */ = {isa = PBXBuildFile; fileRef = 870C87D5224349ED0095E62F /* SportRadarAPITeam.swift */; };
		870C87D822434A2C0095E62F /* Team.swift in Sources */ = {isa = PBXBuildFile; fileRef = 870C87D722434A2C0095E62F /* Team.swift */; };
		8740A88C223C2547004B686C /* BaseballCardCell.swift in Sources */ = {isa = PBXBuildFile; fileRef = 8740A88B223C2547004B686C /* BaseballCardCell.swift */; };
		8740A88E223C3062004B686C /* Extensions.swift in Sources */ = {isa = PBXBuildFile; fileRef = 8740A88D223C3062004B686C /* Extensions.swift */; };
		8740A8932241BD4C004B686C /* MenuBar.swift in Sources */ = {isa = PBXBuildFile; fileRef = 8740A8922241BD4C004B686C /* MenuBar.swift */; };
		8740A8952241C634004B686C /* MenuCell.swift in Sources */ = {isa = PBXBuildFile; fileRef = 8740A8942241C634004B686C /* MenuCell.swift */; };
		8740A8972241C79C004B686C /* BaseCell.swift in Sources */ = {isa = PBXBuildFile; fileRef = 8740A8962241C79C004B686C /* BaseCell.swift */; };
		879F8F61223C09A200AD050C /* AppDelegate.swift in Sources */ = {isa = PBXBuildFile; fileRef = 879F8F60223C09A100AD050C /* AppDelegate.swift */; };
		879F8F63223C09A200AD050C /* HomeController.swift in Sources */ = {isa = PBXBuildFile; fileRef = 879F8F62223C09A200AD050C /* HomeController.swift */; };
		879F8F66223C09A200AD050C /* Main.storyboard in Resources */ = {isa = PBXBuildFile; fileRef = 879F8F64223C09A200AD050C /* Main.storyboard */; };
		879F8F68223C09A400AD050C /* Assets.xcassets in Resources */ = {isa = PBXBuildFile; fileRef = 879F8F67223C09A400AD050C /* Assets.xcassets */; };
		879F8F6B223C09A400AD050C /* LaunchScreen.storyboard in Resources */ = {isa = PBXBuildFile; fileRef = 879F8F69223C09A400AD050C /* LaunchScreen.storyboard */; };
/* End PBXBuildFile section */

/* Begin PBXFileReference section */
		870C87AE2242FCD00095E62F /* Game.swift */ = {isa = PBXFileReference; lastKnownFileType = sourcecode.swift; path = Game.swift; sourceTree = "<group>"; };
		870C87B02242FF580095E62F /* League.swift */ = {isa = PBXFileReference; lastKnownFileType = sourcecode.swift; path = League.swift; sourceTree = "<group>"; };
		870C87B22242FF980095E62F /* PitchByPitch.swift */ = {isa = PBXFileReference; lastKnownFileType = sourcecode.swift; path = PitchByPitch.swift; sourceTree = "<group>"; };
		870C87B42242FFCE0095E62F /* Scoring.swift */ = {isa = PBXFileReference; lastKnownFileType = sourcecode.swift; path = Scoring.swift; sourceTree = "<group>"; };
		870C87B62242FFF50095E62F /* Home.swift */ = {isa = PBXFileReference; lastKnownFileType = sourcecode.swift; path = Home.swift; sourceTree = "<group>"; };
		870C87B8224300D70095E62F /* Away.swift */ = {isa = PBXFileReference; lastKnownFileType = sourcecode.swift; path = Away.swift; sourceTree = "<group>"; };
		870C87BA224300FE0095E62F /* Inning.swift */ = {isa = PBXFileReference; lastKnownFileType = sourcecode.swift; path = Inning.swift; sourceTree = "<group>"; };
		870C87BC224301240095E62F /* Half.swift */ = {isa = PBXFileReference; lastKnownFileType = sourcecode.swift; path = Half.swift; sourceTree = "<group>"; };
		870C87BE224301860095E62F /* Event.swift */ = {isa = PBXFileReference; lastKnownFileType = sourcecode.swift; path = Event.swift; sourceTree = "<group>"; };
		870C87C0224301A90095E62F /* Lineup.swift */ = {isa = PBXFileReference; lastKnownFileType = sourcecode.swift; path = Lineup.swift; sourceTree = "<group>"; };
		870C87C2224301E30095E62F /* At_Bat.swift */ = {isa = PBXFileReference; lastKnownFileType = sourcecode.swift; path = At_Bat.swift; sourceTree = "<group>"; };
		870C87C4224302080095E62F /* Hitter.swift */ = {isa = PBXFileReference; lastKnownFileType = sourcecode.swift; path = Hitter.swift; sourceTree = "<group>"; };
		870C87C6224302380095E62F /* Pitcher.swift */ = {isa = PBXFileReference; lastKnownFileType = sourcecode.swift; path = Pitcher.swift; sourceTree = "<group>"; };
		870C87C8224302A30095E62F /* At_Bat_Event.swift */ = {isa = PBXFileReference; lastKnownFileType = sourcecode.swift; path = At_Bat_Event.swift; sourceTree = "<group>"; };
		870C87CA224302C70095E62F /* Flags.swift */ = {isa = PBXFileReference; lastKnownFileType = sourcecode.swift; path = Flags.swift; sourceTree = "<group>"; };
		870C87CC224302F60095E62F /* Runner.swift */ = {isa = PBXFileReference; lastKnownFileType = sourcecode.swift; path = Runner.swift; sourceTree = "<group>"; };
		870C87CE224303BF0095E62F /* Count.swift */ = {isa = PBXFileReference; lastKnownFileType = sourcecode.swift; path = Count.swift; sourceTree = "<group>"; };
		870C87D1224304B80095E62F /* SportRadarAPIServiceGames.swift */ = {isa = PBXFileReference; lastKnownFileType = sourcecode.swift; path = SportRadarAPIServiceGames.swift; sourceTree = "<group>"; };
		870C87D3224305AC0095E62F /* SportRadarAPIServiceGame.swift */ = {isa = PBXFileReference; lastKnownFileType = sourcecode.swift; path = SportRadarAPIServiceGame.swift; sourceTree = "<group>"; };
		870C87D5224349ED0095E62F /* SportRadarAPITeam.swift */ = {isa = PBXFileReference; lastKnownFileType = sourcecode.swift; path = SportRadarAPITeam.swift; sourceTree = "<group>"; };
		870C87D722434A2C0095E62F /* Team.swift */ = {isa = PBXFileReference; lastKnownFileType = sourcecode.swift; path = Team.swift; sourceTree = "<group>"; };
		8740A88B223C2547004B686C /* BaseballCardCell.swift */ = {isa = PBXFileReference; lastKnownFileType = sourcecode.swift; path = BaseballCardCell.swift; sourceTree = "<group>"; };
		8740A88D223C3062004B686C /* Extensions.swift */ = {isa = PBXFileReference; lastKnownFileType = sourcecode.swift; path = Extensions.swift; sourceTree = "<group>"; };
		8740A8922241BD4C004B686C /* MenuBar.swift */ = {isa = PBXFileReference; lastKnownFileType = sourcecode.swift; path = MenuBar.swift; sourceTree = "<group>"; };
		8740A8942241C634004B686C /* MenuCell.swift */ = {isa = PBXFileReference; lastKnownFileType = sourcecode.swift; path = MenuCell.swift; sourceTree = "<group>"; };
		8740A8962241C79C004B686C /* BaseCell.swift */ = {isa = PBXFileReference; lastKnownFileType = sourcecode.swift; path = BaseCell.swift; sourceTree = "<group>"; };
		879F8F5D223C09A100AD050C /* MLB Game Situation.app */ = {isa = PBXFileReference; explicitFileType = wrapper.application; includeInIndex = 0; path = "MLB Game Situation.app"; sourceTree = BUILT_PRODUCTS_DIR; };
		879F8F60223C09A100AD050C /* AppDelegate.swift */ = {isa = PBXFileReference; lastKnownFileType = sourcecode.swift; path = AppDelegate.swift; sourceTree = "<group>"; };
		879F8F62223C09A200AD050C /* HomeController.swift */ = {isa = PBXFileReference; lastKnownFileType = sourcecode.swift; path = HomeController.swift; sourceTree = "<group>"; };
		879F8F65223C09A200AD050C /* Base */ = {isa = PBXFileReference; lastKnownFileType = file.storyboard; name = Base; path = Base.lproj/Main.storyboard; sourceTree = "<group>"; };
		879F8F67223C09A400AD050C /* Assets.xcassets */ = {isa = PBXFileReference; lastKnownFileType = folder.assetcatalog; path = Assets.xcassets; sourceTree = "<group>"; };
		879F8F6A223C09A400AD050C /* Base */ = {isa = PBXFileReference; lastKnownFileType = file.storyboard; name = Base; path = Base.lproj/LaunchScreen.storyboard; sourceTree = "<group>"; };
		879F8F6C223C09A400AD050C /* Info.plist */ = {isa = PBXFileReference; lastKnownFileType = text.plist.xml; path = Info.plist; sourceTree = "<group>"; };
/* End PBXFileReference section */

/* Begin PBXFrameworksBuildPhase section */
		879F8F5A223C09A100AD050C /* Frameworks */ = {
			isa = PBXFrameworksBuildPhase;
			buildActionMask = 2147483647;
			files = (
			);
			runOnlyForDeploymentPostprocessing = 0;
		};
/* End PBXFrameworksBuildPhase section */

/* Begin PBXGroup section */
		870C87AD2242FC740095E62F /* Model */ = {
			isa = PBXGroup;
			children = (
				870C87B02242FF580095E62F /* League.swift */,
				870C87AE2242FCD00095E62F /* Game.swift */,
				870C87B22242FF980095E62F /* PitchByPitch.swift */,
				870C87B42242FFCE0095E62F /* Scoring.swift */,
				870C87B62242FFF50095E62F /* Home.swift */,
				870C87B8224300D70095E62F /* Away.swift */,
				870C87BA224300FE0095E62F /* Inning.swift */,
				870C87BC224301240095E62F /* Half.swift */,
				870C87BE224301860095E62F /* Event.swift */,
				870C87C0224301A90095E62F /* Lineup.swift */,
				870C87C2224301E30095E62F /* At_Bat.swift */,
				870C87C4224302080095E62F /* Hitter.swift */,
				870C87C6224302380095E62F /* Pitcher.swift */,
				870C87C8224302A30095E62F /* At_Bat_Event.swift */,
				870C87CA224302C70095E62F /* Flags.swift */,
				870C87CC224302F60095E62F /* Runner.swift */,
				870C87CE224303BF0095E62F /* Count.swift */,
				870C87D722434A2C0095E62F /* Team.swift */,
			);
			path = Model;
			sourceTree = "<group>";
		};
		870C87D0224304790095E62F /* Service */ = {
			isa = PBXGroup;
			children = (
				870C87D1224304B80095E62F /* SportRadarAPIServiceGames.swift */,
				870C87D3224305AC0095E62F /* SportRadarAPIServiceGame.swift */,
				870C87D5224349ED0095E62F /* SportRadarAPITeam.swift */,
			);
			path = Service;
			sourceTree = "<group>";
		};
		8740A88F223D6E40004B686C /* Helpers */ = {
			isa = PBXGroup;
			children = (
				8740A88D223C3062004B686C /* Extensions.swift */,
			);
			path = Helpers;
			sourceTree = "<group>";
		};
		8740A890223D6EA9004B686C /* View */ = {
			isa = PBXGroup;
			children = (
				8740A88B223C2547004B686C /* BaseballCardCell.swift */,
				8740A8922241BD4C004B686C /* MenuBar.swift */,
				8740A8942241C634004B686C /* MenuCell.swift */,
				8740A8962241C79C004B686C /* BaseCell.swift */,
			);
			path = View;
			sourceTree = "<group>";
		};
		8740A891223D6EDE004B686C /* Controller */ = {
			isa = PBXGroup;
			children = (
				879F8F62223C09A200AD050C /* HomeController.swift */,
			);
			path = Controller;
			sourceTree = "<group>";
		};
		879F8F54223C09A100AD050C = {
			isa = PBXGroup;
			children = (
				879F8F5F223C09A100AD050C /* MLB Game Situation */,
				879F8F5E223C09A100AD050C /* Products */,
			);
			sourceTree = "<group>";
		};
		879F8F5E223C09A100AD050C /* Products */ = {
			isa = PBXGroup;
			children = (
				879F8F5D223C09A100AD050C /* MLB Game Situation.app */,
			);
			name = Products;
			sourceTree = "<group>";
		};
		879F8F5F223C09A100AD050C /* MLB Game Situation */ = {
			isa = PBXGroup;
			children = (
				870C87D0224304790095E62F /* Service */,
				870C87AD2242FC740095E62F /* Model */,
				8740A891223D6EDE004B686C /* Controller */,
				8740A890223D6EA9004B686C /* View */,
				8740A88F223D6E40004B686C /* Helpers */,
				879F8F64223C09A200AD050C /* Main.storyboard */,
				879F8F60223C09A100AD050C /* AppDelegate.swift */,
				879F8F67223C09A400AD050C /* Assets.xcassets */,
				879F8F69223C09A400AD050C /* LaunchScreen.storyboard */,
				879F8F6C223C09A400AD050C /* Info.plist */,
			);
			path = "MLB Game Situation";
			sourceTree = "<group>";
		};
/* End PBXGroup section */

/* Begin PBXNativeTarget section */
		879F8F5C223C09A100AD050C /* MLB Game Situation */ = {
			isa = PBXNativeTarget;
			buildConfigurationList = 879F8F6F223C09A400AD050C /* Build configuration list for PBXNativeTarget "MLB Game Situation" */;
			buildPhases = (
				879F8F59223C09A100AD050C /* Sources */,
				879F8F5A223C09A100AD050C /* Frameworks */,
				879F8F5B223C09A100AD050C /* Resources */,
			);
			buildRules = (
			);
			dependencies = (
			);
			name = "MLB Game Situation";
			productName = "MLB Game Situation";
			productReference = 879F8F5D223C09A100AD050C /* MLB Game Situation.app */;
			productType = "com.apple.product-type.application";
		};
/* End PBXNativeTarget section */

/* Begin PBXProject section */
		879F8F55223C09A100AD050C /* Project object */ = {
			isa = PBXProject;
			attributes = {
				LastSwiftUpdateCheck = 1010;
				LastUpgradeCheck = 1010;
				ORGANIZATIONNAME = "Ramon Geronimo";
				TargetAttributes = {
					879F8F5C223C09A100AD050C = {
						CreatedOnToolsVersion = 10.1;
					};
				};
			};
			buildConfigurationList = 879F8F58223C09A100AD050C /* Build configuration list for PBXProject "MLB Game Situation" */;
			compatibilityVersion = "Xcode 9.3";
			developmentRegion = en;
			hasScannedForEncodings = 0;
			knownRegions = (
				en,
				Base,
			);
			mainGroup = 879F8F54223C09A100AD050C;
			productRefGroup = 879F8F5E223C09A100AD050C /* Products */;
			projectDirPath = "";
			projectRoot = "";
			targets = (
				879F8F5C223C09A100AD050C /* MLB Game Situation */,
			);
		};
/* End PBXProject section */

/* Begin PBXResourcesBuildPhase section */
		879F8F5B223C09A100AD050C /* Resources */ = {
			isa = PBXResourcesBuildPhase;
			buildActionMask = 2147483647;
			files = (
				879F8F6B223C09A400AD050C /* LaunchScreen.storyboard in Resources */,
				879F8F68223C09A400AD050C /* Assets.xcassets in Resources */,
				879F8F66223C09A200AD050C /* Main.storyboard in Resources */,
			);
			runOnlyForDeploymentPostprocessing = 0;
		};
/* End PBXResourcesBuildPhase section */

/* Begin PBXSourcesBuildPhase section */
		879F8F59223C09A100AD050C /* Sources */ = {
			isa = PBXSourcesBuildPhase;
			buildActionMask = 2147483647;
			files = (
				870C87D6224349ED0095E62F /* SportRadarAPITeam.swift in Sources */,
				870C87B32242FF980095E62F /* PitchByPitch.swift in Sources */,
				879F8F63223C09A200AD050C /* HomeController.swift in Sources */,
				870C87C3224301E30095E62F /* At_Bat.swift in Sources */,
				870C87C1224301A90095E62F /* Lineup.swift in Sources */,
				870C87BB224300FE0095E62F /* Inning.swift in Sources */,
				870C87B12242FF580095E62F /* League.swift in Sources */,
				870C87D4224305AC0095E62F /* SportRadarAPIServiceGame.swift in Sources */,
				879F8F61223C09A200AD050C /* AppDelegate.swift in Sources */,
				8740A8952241C634004B686C /* MenuCell.swift in Sources */,
				870C87AF2242FCD00095E62F /* Game.swift in Sources */,
				8740A88C223C2547004B686C /* BaseballCardCell.swift in Sources */,
				870C87C5224302080095E62F /* Hitter.swift in Sources */,
				870C87CD224302F60095E62F /* Runner.swift in Sources */,
				870C87BF224301860095E62F /* Event.swift in Sources */,
				870C87D2224304B80095E62F /* SportRadarAPIServiceGames.swift in Sources */,
				870C87D822434A2C0095E62F /* Team.swift in Sources */,
				8740A8972241C79C004B686C /* BaseCell.swift in Sources */,
				870C87B52242FFCE0095E62F /* Scoring.swift in Sources */,
				8740A88E223C3062004B686C /* Extensions.swift in Sources */,
				870C87CB224302C70095E62F /* Flags.swift in Sources */,
				870C87BD224301240095E62F /* Half.swift in Sources */,
				870C87B72242FFF50095E62F /* Home.swift in Sources */,
				870C87C9224302A30095E62F /* At_Bat_Event.swift in Sources */,
				8740A8932241BD4C004B686C /* MenuBar.swift in Sources */,
				870C87B9224300D70095E62F /* Away.swift in Sources */,
				870C87C7224302380095E62F /* Pitcher.swift in Sources */,
				870C87CF224303BF0095E62F /* Count.swift in Sources */,
			);
			runOnlyForDeploymentPostprocessing = 0;
		};
/* End PBXSourcesBuildPhase section */

/* Begin PBXVariantGroup section */
		879F8F64223C09A200AD050C /* Main.storyboard */ = {
			isa = PBXVariantGroup;
			children = (
				879F8F65223C09A200AD050C /* Base */,
			);
			name = Main.storyboard;
			sourceTree = "<group>";
		};
		879F8F69223C09A400AD050C /* LaunchScreen.storyboard */ = {
			isa = PBXVariantGroup;
			children = (
				879F8F6A223C09A400AD050C /* Base */,
			);
			name = LaunchScreen.storyboard;
			sourceTree = "<group>";
		};
/* End PBXVariantGroup section */

/* Begin XCBuildConfiguration section */
		879F8F6D223C09A400AD050C /* Debug */ = {
			isa = XCBuildConfiguration;
			buildSettings = {
				ALWAYS_SEARCH_USER_PATHS = NO;
				CLANG_ANALYZER_NONNULL = YES;
				CLANG_ANALYZER_NUMBER_OBJECT_CONVERSION = YES_AGGRESSIVE;
				CLANG_CXX_LANGUAGE_STANDARD = "gnu++14";
				CLANG_CXX_LIBRARY = "libc++";
				CLANG_ENABLE_MODULES = YES;
				CLANG_ENABLE_OBJC_ARC = YES;
				CLANG_ENABLE_OBJC_WEAK = YES;
				CLANG_WARN_BLOCK_CAPTURE_AUTORELEASING = YES;
				CLANG_WARN_BOOL_CONVERSION = YES;
				CLANG_WARN_COMMA = YES;
				CLANG_WARN_CONSTANT_CONVERSION = YES;
				CLANG_WARN_DEPRECATED_OBJC_IMPLEMENTATIONS = YES;
				CLANG_WARN_DIRECT_OBJC_ISA_USAGE = YES_ERROR;
				CLANG_WARN_DOCUMENTATION_COMMENTS = YES;
				CLANG_WARN_EMPTY_BODY = YES;
				CLANG_WARN_ENUM_CONVERSION = YES;
				CLANG_WARN_INFINITE_RECURSION = YES;
				CLANG_WARN_INT_CONVERSION = YES;
				CLANG_WARN_NON_LITERAL_NULL_CONVERSION = YES;
				CLANG_WARN_OBJC_IMPLICIT_RETAIN_SELF = YES;
				CLANG_WARN_OBJC_LITERAL_CONVERSION = YES;
				CLANG_WARN_OBJC_ROOT_CLASS = YES_ERROR;
				CLANG_WARN_RANGE_LOOP_ANALYSIS = YES;
				CLANG_WARN_STRICT_PROTOTYPES = YES;
				CLANG_WARN_SUSPICIOUS_MOVE = YES;
				CLANG_WARN_UNGUARDED_AVAILABILITY = YES_AGGRESSIVE;
				CLANG_WARN_UNREACHABLE_CODE = YES;
				CLANG_WARN__DUPLICATE_METHOD_MATCH = YES;
				CODE_SIGN_IDENTITY = "iPhone Developer";
				COPY_PHASE_STRIP = NO;
				DEBUG_INFORMATION_FORMAT = dwarf;
				ENABLE_STRICT_OBJC_MSGSEND = YES;
				ENABLE_TESTABILITY = YES;
				GCC_C_LANGUAGE_STANDARD = gnu11;
				GCC_DYNAMIC_NO_PIC = NO;
				GCC_NO_COMMON_BLOCKS = YES;
				GCC_OPTIMIZATION_LEVEL = 0;
				GCC_PREPROCESSOR_DEFINITIONS = (
					"DEBUG=1",
					"$(inherited)",
				);
				GCC_WARN_64_TO_32_BIT_CONVERSION = YES;
				GCC_WARN_ABOUT_RETURN_TYPE = YES_ERROR;
				GCC_WARN_UNDECLARED_SELECTOR = YES;
				GCC_WARN_UNINITIALIZED_AUTOS = YES_AGGRESSIVE;
				GCC_WARN_UNUSED_FUNCTION = YES;
				GCC_WARN_UNUSED_VARIABLE = YES;
				IPHONEOS_DEPLOYMENT_TARGET = 12.1;
				MTL_ENABLE_DEBUG_INFO = INCLUDE_SOURCE;
				MTL_FAST_MATH = YES;
				ONLY_ACTIVE_ARCH = YES;
				SDKROOT = iphoneos;
				SWIFT_ACTIVE_COMPILATION_CONDITIONS = DEBUG;
				SWIFT_OPTIMIZATION_LEVEL = "-Onone";
			};
			name = Debug;
		};
		879F8F6E223C09A400AD050C /* Release */ = {
			isa = XCBuildConfiguration;
			buildSettings = {
				ALWAYS_SEARCH_USER_PATHS = NO;
				CLANG_ANALYZER_NONNULL = YES;
				CLANG_ANALYZER_NUMBER_OBJECT_CONVERSION = YES_AGGRESSIVE;
				CLANG_CXX_LANGUAGE_STANDARD = "gnu++14";
				CLANG_CXX_LIBRARY = "libc++";
				CLANG_ENABLE_MODULES = YES;
				CLANG_ENABLE_OBJC_ARC = YES;
				CLANG_ENABLE_OBJC_WEAK = YES;
				CLANG_WARN_BLOCK_CAPTURE_AUTORELEASING = YES;
				CLANG_WARN_BOOL_CONVERSION = YES;
				CLANG_WARN_COMMA = YES;
				CLANG_WARN_CONSTANT_CONVERSION = YES;
				CLANG_WARN_DEPRECATED_OBJC_IMPLEMENTATIONS = YES;
				CLANG_WARN_DIRECT_OBJC_ISA_USAGE = YES_ERROR;
				CLANG_WARN_DOCUMENTATION_COMMENTS = YES;
				CLANG_WARN_EMPTY_BODY = YES;
				CLANG_WARN_ENUM_CONVERSION = YES;
				CLANG_WARN_INFINITE_RECURSION = YES;
				CLANG_WARN_INT_CONVERSION = YES;
				CLANG_WARN_NON_LITERAL_NULL_CONVERSION = YES;
				CLANG_WARN_OBJC_IMPLICIT_RETAIN_SELF = YES;
				CLANG_WARN_OBJC_LITERAL_CONVERSION = YES;
				CLANG_WARN_OBJC_ROOT_CLASS = YES_ERROR;
				CLANG_WARN_RANGE_LOOP_ANALYSIS = YES;
				CLANG_WARN_STRICT_PROTOTYPES = YES;
				CLANG_WARN_SUSPICIOUS_MOVE = YES;
				CLANG_WARN_UNGUARDED_AVAILABILITY = YES_AGGRESSIVE;
				CLANG_WARN_UNREACHABLE_CODE = YES;
				CLANG_WARN__DUPLICATE_METHOD_MATCH = YES;
				CODE_SIGN_IDENTITY = "iPhone Developer";
				COPY_PHASE_STRIP = NO;
				DEBUG_INFORMATION_FORMAT = "dwarf-with-dsym";
				ENABLE_NS_ASSERTIONS = NO;
				ENABLE_STRICT_OBJC_MSGSEND = YES;
				GCC_C_LANGUAGE_STANDARD = gnu11;
				GCC_NO_COMMON_BLOCKS = YES;
				GCC_WARN_64_TO_32_BIT_CONVERSION = YES;
				GCC_WARN_ABOUT_RETURN_TYPE = YES_ERROR;
				GCC_WARN_UNDECLARED_SELECTOR = YES;
				GCC_WARN_UNINITIALIZED_AUTOS = YES_AGGRESSIVE;
				GCC_WARN_UNUSED_FUNCTION = YES;
				GCC_WARN_UNUSED_VARIABLE = YES;
				IPHONEOS_DEPLOYMENT_TARGET = 12.1;
				MTL_ENABLE_DEBUG_INFO = NO;
				MTL_FAST_MATH = YES;
				SDKROOT = iphoneos;
				SWIFT_COMPILATION_MODE = wholemodule;
				SWIFT_OPTIMIZATION_LEVEL = "-O";
				VALIDATE_PRODUCT = YES;
			};
			name = Release;
		};
		879F8F70223C09A400AD050C /* Debug */ = {
			isa = XCBuildConfiguration;
			buildSettings = {
				ASSETCATALOG_COMPILER_APPICON_NAME = AppIcon;
				CODE_SIGN_STYLE = Automatic;
				DEVELOPMENT_TEAM = 29KKRTJA28;
				INFOPLIST_FILE = "MLB Game Situation/Info.plist";
				LD_RUNPATH_SEARCH_PATHS = (
					"$(inherited)",
					"@executable_path/Frameworks",
				);
				PRODUCT_BUNDLE_IDENTIFIER = "com.ramongeronimo.MLB-Game-Situation";
				PRODUCT_NAME = "$(TARGET_NAME)";
				SWIFT_VERSION = 4.2;
				TARGETED_DEVICE_FAMILY = "1,2";
			};
			name = Debug;
		};
		879F8F71223C09A400AD050C /* Release */ = {
			isa = XCBuildConfiguration;
			buildSettings = {
				ASSETCATALOG_COMPILER_APPICON_NAME = AppIcon;
				CODE_SIGN_STYLE = Automatic;
				DEVELOPMENT_TEAM = 29KKRTJA28;
				INFOPLIST_FILE = "MLB Game Situation/Info.plist";
				LD_RUNPATH_SEARCH_PATHS = (
					"$(inherited)",
					"@executable_path/Frameworks",
				);
				PRODUCT_BUNDLE_IDENTIFIER = "com.ramongeronimo.MLB-Game-Situation";
				PRODUCT_NAME = "$(TARGET_NAME)";
				SWIFT_VERSION = 4.2;
				TARGETED_DEVICE_FAMILY = "1,2";
			};
			name = Release;
		};
/* End XCBuildConfiguration section */

/* Begin XCConfigurationList section */
		879F8F58223C09A100AD050C /* Build configuration list for PBXProject "MLB Game Situation" */ = {
			isa = XCConfigurationList;
			buildConfigurations = (
				879F8F6D223C09A400AD050C /* Debug */,
				879F8F6E223C09A400AD050C /* Release */,
			);
			defaultConfigurationIsVisible = 0;
			defaultConfigurationName = Release;
		};
		879F8F6F223C09A400AD050C /* Build configuration list for PBXNativeTarget "MLB Game Situation" */ = {
			isa = XCConfigurationList;
			buildConfigurations = (
				879F8F70223C09A400AD050C /* Debug */,
				879F8F71223C09A400AD050C /* Release */,
			);
			defaultConfigurationIsVisible = 0;
			defaultConfigurationName = Release;
		};
/* End XCConfigurationList section */
	};
	rootObject = 879F8F55223C09A100AD050C /* Project object */;
}
